
Microsoft Visual Studio Solution File, Format Version 11.00
# Visual C++ Express 2010
Project("{8BC9CEB8-8B4A-11D0-8D11-00A0C91BC942}") = "Hello_World", "Hello_World\Hello_World.vcxproj", "{41CDC2A3-50B9-4C26-843C-AD10B2955DBE}"
EndProject
Global
	GlobalSection(SolutionConfigurationPlatforms) = preSolution
		Debug|Win32 = Debug|Win32
		Release|Win32 = Release|Win32
	EndGlobalSection
	GlobalSection(ProjectConfigurationPlatforms) = postSolution
		{41CDC2A3-50B9-4C26-843C-AD10B2955DBE}.Debug|Win32.ActiveCfg = Debug|Win32
		{41CDC2A3-50B9-4C26-843C-AD10B2955DBE}.Debug|Win32.Build.0 = Debug|Win32
		{41CDC2A3-50B9-4C26-843C-AD10B2955DBE}.Release|Win32.ActiveCfg = Release|Win32
		{41CDC2A3-50B9-4C26-843C-AD10B2955DBE}.Release|Win32.Build.0 = Release|Win32
	EndGlobalSection
	GlobalSection(SolutionProperties) = preSolution
		HideSolutionNode = FALSE
	EndGlobalSection
EndGlobal
